// !$*UTF8*$!
{
	archiveVersion = 1;
	classes = {
	};
	objectVersion = 50;
	objects = {

/* Begin PBXBuildFile section */
		1AD479F4237540AD00D50D84 /* AppDelegate.swift in Sources */ = {isa = PBXBuildFile; fileRef = 1AD479F3237540AD00D50D84 /* AppDelegate.swift */; };
		1AD479F6237540AD00D50D84 /* SceneDelegate.swift in Sources */ = {isa = PBXBuildFile; fileRef = 1AD479F5237540AD00D50D84 /* SceneDelegate.swift */; };
		1AD479F8237540AD00D50D84 /* ViewController.swift in Sources */ = {isa = PBXBuildFile; fileRef = 1AD479F7237540AD00D50D84 /* ViewController.swift */; };
		1AD479FB237540AD00D50D84 /* Main.storyboard in Resources */ = {isa = PBXBuildFile; fileRef = 1AD479F9237540AD00D50D84 /* Main.storyboard */; };
		1AD479FD237540AD00D50D84 /* Assets.xcassets in Resources */ = {isa = PBXBuildFile; fileRef = 1AD479FC237540AD00D50D84 /* Assets.xcassets */; };
		1AD47A00237540AD00D50D84 /* LaunchScreen.storyboard in Resources */ = {isa = PBXBuildFile; fileRef = 1AD479FE237540AD00D50D84 /* LaunchScreen.storyboard */; };
		1AD47A08237540AD00D50D84 /* customers.plist in Resources */ = {isa = PBXBuildFile; fileRef = 1AD47A07237540AD00D50D84 /* customers.plist */; };
		1AD47A0A237540AD00D50D84 /* LoginViewController.swift in Sources */ = {isa = PBXBuildFile; fileRef = 1AD47A09237540AD00D50D84 /* LoginViewController.swift */; };
		1AD47A0C237540AD00D50D84 /* BillListTableViewController.swift in Sources */ = {isa = PBXBuildFile; fileRef = 1AD47A0B237540AD00D50D84 /* BillListTableViewController.swift */; };
		1AD47A0E237540AD00D50D84 /* allBills.plist in Resources */ = {isa = PBXBuildFile; fileRef = 1AD47A0D237540AD00D50D84 /* allBills.plist */; };
		1AD47A10237540AD00D50D84 /* ShowBillDetailsViewController.swift in Sources */ = {isa = PBXBuildFile; fileRef = 1AD47A0F237540AD00D50D84 /* ShowBillDetailsViewController.swift */; };
		1AD47A12237540AD00D50D84 /* AddNewBillViewController.swift in Sources */ = {isa = PBXBuildFile; fileRef = 1AD47A11237540AD00D50D84 /* AddNewBillViewController.swift */; };
/* End PBXBuildFile section */

/* Begin PBXFileReference section */
		1AD479F0237540AD00D50D84 /* C0765373_F2019_MAD3115_Mid-Term-Test-P2Test.app */ = {isa = PBXFileReference; explicitFileType = wrapper.application; includeInIndex = 0; path = "C0765373_F2019_MAD3115_Mid-Term-Test-P2Test.app"; sourceTree = BUILT_PRODUCTS_DIR; };
		1AD479F3237540AD00D50D84 /* AppDelegate.swift */ = {isa = PBXFileReference; lastKnownFileType = sourcecode.swift; path = AppDelegate.swift; sourceTree = "<group>"; };
		1AD479F5237540AD00D50D84 /* SceneDelegate.swift */ = {isa = PBXFileReference; lastKnownFileType = sourcecode.swift; path = SceneDelegate.swift; sourceTree = "<group>"; };
		1AD479F7237540AD00D50D84 /* ViewController.swift */ = {isa = PBXFileReference; lastKnownFileType = sourcecode.swift; path = ViewController.swift; sourceTree = "<group>"; };
		1AD479FA237540AD00D50D84 /* Base */ = {isa = PBXFileReference; lastKnownFileType = file.storyboard; name = Base; path = Base.lproj/Main.storyboard; sourceTree = "<group>"; };
		1AD479FC237540AD00D50D84 /* Assets.xcassets */ = {isa = PBXFileReference; lastKnownFileType = folder.assetcatalog; path = Assets.xcassets; sourceTree = "<group>"; };
		1AD479FF237540AD00D50D84 /* Base */ = {isa = PBXFileReference; lastKnownFileType = file.storyboard; name = Base; path = Base.lproj/LaunchScreen.storyboard; sourceTree = "<group>"; };
		1AD47A01237540AD00D50D84 /* Info.plist */ = {isa = PBXFileReference; lastKnownFileType = text.plist.xml; path = Info.plist; sourceTree = "<group>"; };
		1AD47A07237540AD00D50D84 /* customers.plist */ = {isa = PBXFileReference; lastKnownFileType = text.plist.xml; path = customers.plist; sourceTree = "<group>"; };
		1AD47A09237540AD00D50D84 /* LoginViewController.swift */ = {isa = PBXFileReference; lastKnownFileType = sourcecode.swift; path = LoginViewController.swift; sourceTree = "<group>"; };
		1AD47A0B237540AD00D50D84 /* BillListTableViewController.swift */ = {isa = PBXFileReference; lastKnownFileType = sourcecode.swift; path = BillListTableViewController.swift; sourceTree = "<group>"; };
		1AD47A0D237540AD00D50D84 /* allBills.plist */ = {isa = PBXFileReference; lastKnownFileType = text.plist.xml; path = allBills.plist; sourceTree = "<group>"; };
		1AD47A0F237540AD00D50D84 /* ShowBillDetailsViewController.swift */ = {isa = PBXFileReference; lastKnownFileType = sourcecode.swift; path = ShowBillDetailsViewController.swift; sourceTree = "<group>"; };
		1AD47A11237540AD00D50D84 /* AddNewBillViewController.swift */ = {isa = PBXFileReference; lastKnownFileType = sourcecode.swift; path = AddNewBillViewController.swift; sourceTree = "<group>"; };
/* End PBXFileReference section */

/* Begin PBXFrameworksBuildPhase section */
		1AD479ED237540AD00D50D84 /* Frameworks */ = {
			isa = PBXFrameworksBuildPhase;
			buildActionMask = 2147483647;
			files = (
			);
			runOnlyForDeploymentPostprocessing = 0;
		};
/* End PBXFrameworksBuildPhase section */

/* Begin PBXGroup section */
		1AD479E7237540AD00D50D84 = {
			isa = PBXGroup;
			children = (
				1AD479F2237540AD00D50D84 /* C0765373_F2019_MAD3115_Mid-Term-Test-P2Test */,
				1AD479F1237540AD00D50D84 /* Products */,
			);
			sourceTree = "<group>";
		};
		1AD479F1237540AD00D50D84 /* Products */ = {
			isa = PBXGroup;
			children = (
				1AD479F0237540AD00D50D84 /* C0765373_F2019_MAD3115_Mid-Term-Test-P2Test.app */,
			);
			name = Products;
			sourceTree = "<group>";
		};
		1AD479F2237540AD00D50D84 /* C0765373_F2019_MAD3115_Mid-Term-Test-P2Test */ = {
			isa = PBXGroup;
			children = (
				1AD479F3237540AD00D50D84 /* AppDelegate.swift */,
				1AD479F5237540AD00D50D84 /* SceneDelegate.swift */,
				1AD479F7237540AD00D50D84 /* ViewController.swift */,
				1AD479F9237540AD00D50D84 /* Main.storyboard */,
				1AD479FC237540AD00D50D84 /* Assets.xcassets */,
				1AD479FE237540AD00D50D84 /* LaunchScreen.storyboard */,
				1AD47A01237540AD00D50D84 /* Info.plist */,
				1AD47A07237540AD00D50D84 /* customers.plist */,
				1AD47A09237540AD00D50D84 /* LoginViewController.swift */,
				1AD47A0B237540AD00D50D84 /* BillListTableViewController.swift */,
				1AD47A0D237540AD00D50D84 /* allBills.plist */,
				1AD47A0F237540AD00D50D84 /* ShowBillDetailsViewController.swift */,
				1AD47A11237540AD00D50D84 /* AddNewBillViewController.swift */,
			);
			path = "C0765373_F2019_MAD3115_Mid-Term-Test-P2Test";
			sourceTree = "<group>";
		};
/* End PBXGroup section */

/* Begin PBXNativeTarget section */
		1AD479EF237540AD00D50D84 /* C0765373_F2019_MAD3115_Mid-Term-Test-P2Test */ = {
			isa = PBXNativeTarget;
			buildConfigurationList = 1AD47A04237540AD00D50D84 /* Build configuration list for PBXNativeTarget "C0765373_F2019_MAD3115_Mid-Term-Test-P2Test" */;
			buildPhases = (
				1AD479EC237540AD00D50D84 /* Sources */,
				1AD479ED237540AD00D50D84 /* Frameworks */,
				1AD479EE237540AD00D50D84 /* Resources */,
			);
			buildRules = (
			);
			dependencies = (
			);
			name = "C0765373_F2019_MAD3115_Mid-Term-Test-P2Test";
			productName = "C0765373_F2019_MAD3115_Mid-Term-Test-P2Test";
			productReference = 1AD479F0237540AD00D50D84 /* C0765373_F2019_MAD3115_Mid-Term-Test-P2Test.app */;
			productType = "com.apple.product-type.application";
		};
/* End PBXNativeTarget section */

/* Begin PBXProject section */
		1AD479E8237540AD00D50D84 /* Project object */ = {
			isa = PBXProject;
			attributes = {
				LastSwiftUpdateCheck = 1110;
				LastUpgradeCheck = 1110;
				ORGANIZATIONNAME = MacStudent;
				TargetAttributes = {
					1AD479EF237540AD00D50D84 = {
						CreatedOnToolsVersion = 11.1;
					};
				};
			};
			buildConfigurationList = 1AD479EB237540AD00D50D84 /* Build configuration list for PBXProject "C0765373_F2019_MAD3115_Mid-Term-Test-P2Test" */;
			compatibilityVersion = "Xcode 9.3";
			developmentRegion = en;
			hasScannedForEncodings = 0;
			knownRegions = (
				en,
				Base,
			);
			mainGroup = 1AD479E7237540AD00D50D84;
			productRefGroup = 1AD479F1237540AD00D50D84 /* Products */;
			projectDirPath = "";
			projectRoot = "";
			targets = (
				1AD479EF237540AD00D50D84 /* C0765373_F2019_MAD3115_Mid-Term-Test-P2Test */,
			);
		};
/* End PBXProject section */

/* Begin PBXResourcesBuildPhase section */
		1AD479EE237540AD00D50D84 /* Resources */ = {
			isa = PBXResourcesBuildPhase;
			buildActionMask = 2147483647;
			files = (
				1AD47A00237540AD00D50D84 /* LaunchScreen.storyboard in Resources */,
				1AD479FD237540AD00D50D84 /* Assets.xcassets in Resources */,
				1AD47A08237540AD00D50D84 /* customers.plist in Resources */,
				1AD479FB237540AD00D50D84 /* Main.storyboard in Resources */,
				1AD47A0E237540AD00D50D84 /* allBills.plist in Resources */,
			);
			runOnlyForDeploymentPostprocessing = 0;
		};
/* End PBXResourcesBuildPhase section */

/* Begin PBXSourcesBuildPhase section */
		1AD479EC237540AD00D50D84 /* Sources */ = {
			isa = PBXSourcesBuildPhase;
			buildActionMask = 2147483647;
			files = (
				1AD47A0A237540AD00D50D84 /* LoginViewController.swift in Sources */,
				1AD479F8237540AD00D50D84 /* ViewController.swift in Sources */,
				1AD47A0C237540AD00D50D84 /* BillListTableViewController.swift in Sources */,
				1AD47A10237540AD00D50D84 /* ShowBillDetailsViewController.swift in Sources */,
				1AD479F4237540AD00D50D84 /* AppDelegate.swift in Sources */,
				1AD479F6237540AD00D50D84 /* SceneDelegate.swift in Sources */,
				1AD47A12237540AD00D50D84 /* AddNewBillViewController.swift in Sources */,
			);
			runOnlyForDeploymentPostprocessing = 0;
		};
/* End PBXSourcesBuildPhase section */

/* Begin PBXVariantGroup section */
		1AD479F9237540AD00D50D84 /* Main.storyboard */ = {
			isa = PBXVariantGroup;
			children = (
				1AD479FA237540AD00D50D84 /* Base */,
			);
			name = Main.storyboard;
			sourceTree = "<group>";
		};
		1AD479FE237540AD00D50D84 /* LaunchScreen.storyboard */ = {
			isa = PBXVariantGroup;
			children = (
				1AD479FF237540AD00D50D84 /* Base */,
			);
			name = LaunchScreen.storyboard;
			sourceTree = "<group>";
		};
/* End PBXVariantGroup section */

/* Begin XCBuildConfiguration section */
		1AD47A02237540AD00D50D84 /* Debug */ = {
			isa = XCBuildConfiguration;
			buildSettings = {
				ALWAYS_SEARCH_USER_PATHS = NO;
				CLANG_ANALYZER_NONNULL = YES;
				CLANG_ANALYZER_NUMBER_OBJECT_CONVERSION = YES_AGGRESSIVE;
				CLANG_CXX_LANGUAGE_STANDARD = "gnu++14";
				CLANG_CXX_LIBRARY = "libc++";
				CLANG_ENABLE_MODULES = YES;
				CLANG_ENABLE_OBJC_ARC = YES;
				CLANG_ENABLE_OBJC_WEAK = YES;
				CLANG_WARN_BLOCK_CAPTURE_AUTORELEASING = YES;
				CLANG_WARN_BOOL_CONVERSION = YES;
				CLANG_WARN_COMMA = YES;
				CLANG_WARN_CONSTANT_CONVERSION = YES;
				CLANG_WARN_DEPRECATED_OBJC_IMPLEMENTATIONS = YES;
				CLANG_WARN_DIRECT_OBJC_ISA_USAGE = YES_ERROR;
				CLANG_WARN_DOCUMENTATION_COMMENTS = YES;
				CLANG_WARN_EMPTY_BODY = YES;
				CLANG_WARN_ENUM_CONVERSION = YES;
				CLANG_WARN_INFINITE_RECURSION = YES;
				CLANG_WARN_INT_CONVERSION = YES;
				CLANG_WARN_NON_LITERAL_NULL_CONVERSION = YES;
				CLANG_WARN_OBJC_IMPLICIT_RETAIN_SELF = YES;
				CLANG_WARN_OBJC_LITERAL_CONVERSION = YES;
				CLANG_WARN_OBJC_ROOT_CLASS = YES_ERROR;
				CLANG_WARN_RANGE_LOOP_ANALYSIS = YES;
				CLANG_WARN_STRICT_PROTOTYPES = YES;
				CLANG_WARN_SUSPICIOUS_MOVE = YES;
				CLANG_WARN_UNGUARDED_AVAILABILITY = YES_AGGRESSIVE;
				CLANG_WARN_UNREACHABLE_CODE = YES;
				CLANG_WARN__DUPLICATE_METHOD_MATCH = YES;
				COPY_PHASE_STRIP = NO;
				DEBUG_INFORMATION_FORMAT = dwarf;
				ENABLE_STRICT_OBJC_MSGSEND = YES;
				ENABLE_TESTABILITY = YES;
				GCC_C_LANGUAGE_STANDARD = gnu11;
				GCC_DYNAMIC_NO_PIC = NO;
				GCC_NO_COMMON_BLOCKS = YES;
				GCC_OPTIMIZATION_LEVEL = 0;
				GCC_PREPROCESSOR_DEFINITIONS = (
					"DEBUG=1",
					"$(inherited)",
				);
				GCC_WARN_64_TO_32_BIT_CONVERSION = YES;
				GCC_WARN_ABOUT_RETURN_TYPE = YES_ERROR;
				GCC_WARN_UNDECLARED_SELECTOR = YES;
				GCC_WARN_UNINITIALIZED_AUTOS = YES_AGGRESSIVE;
				GCC_WARN_UNUSED_FUNCTION = YES;
				GCC_WARN_UNUSED_VARIABLE = YES;
				IPHONEOS_DEPLOYMENT_TARGET = 13.1;
				MTL_ENABLE_DEBUG_INFO = INCLUDE_SOURCE;
				MTL_FAST_MATH = YES;
				ONLY_ACTIVE_ARCH = YES;
				SDKROOT = iphoneos;
				SWIFT_ACTIVE_COMPILATION_CONDITIONS = DEBUG;
				SWIFT_OPTIMIZATION_LEVEL = "-Onone";
			};
			name = Debug;
		};
		1AD47A03237540AD00D50D84 /* Release */ = {
			isa = XCBuildConfiguration;
			buildSettings = {
				ALWAYS_SEARCH_USER_PATHS = NO;
				CLANG_ANALYZER_NONNULL = YES;
				CLANG_ANALYZER_NUMBER_OBJECT_CONVERSION = YES_AGGRESSIVE;
				CLANG_CXX_LANGUAGE_STANDARD = "gnu++14";
				CLANG_CXX_LIBRARY = "libc++";
				CLANG_ENABLE_MODULES = YES;
				CLANG_ENABLE_OBJC_ARC = YES;
				CLANG_ENABLE_OBJC_WEAK = YES;
				CLANG_WARN_BLOCK_CAPTURE_AUTORELEASING = YES;
				CLANG_WARN_BOOL_CONVERSION = YES;
				CLANG_WARN_COMMA = YES;
				CLANG_WARN_CONSTANT_CONVERSION = YES;
				CLANG_WARN_DEPRECATED_OBJC_IMPLEMENTATIONS = YES;
				CLANG_WARN_DIRECT_OBJC_ISA_USAGE = YES_ERROR;
				CLANG_WARN_DOCUMENTATION_COMMENTS = YES;
				CLANG_WARN_EMPTY_BODY = YES;
				CLANG_WARN_ENUM_CONVERSION = YES;
				CLANG_WARN_INFINITE_RECURSION = YES;
				CLANG_WARN_INT_CONVERSION = YES;
				CLANG_WARN_NON_LITERAL_NULL_CONVERSION = YES;
				CLANG_WARN_OBJC_IMPLICIT_RETAIN_SELF = YES;
				CLANG_WARN_OBJC_LITERAL_CONVERSION = YES;
				CLANG_WARN_OBJC_ROOT_CLASS = YES_ERROR;
				CLANG_WARN_RANGE_LOOP_ANALYSIS = YES;
				CLANG_WARN_STRICT_PROTOTYPES = YES;
				CLANG_WARN_SUSPICIOUS_MOVE = YES;
				CLANG_WARN_UNGUARDED_AVAILABILITY = YES_AGGRESSIVE;
				CLANG_WARN_UNREACHABLE_CODE = YES;
				CLANG_WARN__DUPLICATE_METHOD_MATCH = YES;
				COPY_PHASE_STRIP = NO;
				DEBUG_INFORMATION_FORMAT = "dwarf-with-dsym";
				ENABLE_NS_ASSERTIONS = NO;
				ENABLE_STRICT_OBJC_MSGSEND = YES;
				GCC_C_LANGUAGE_STANDARD = gnu11;
				GCC_NO_COMMON_BLOCKS = YES;
				GCC_WARN_64_TO_32_BIT_CONVERSION = YES;
				GCC_WARN_ABOUT_RETURN_TYPE = YES_ERROR;
				GCC_WARN_UNDECLARED_SELECTOR = YES;
				GCC_WARN_UNINITIALIZED_AUTOS = YES_AGGRESSIVE;
				GCC_WARN_UNUSED_FUNCTION = YES;
				GCC_WARN_UNUSED_VARIABLE = YES;
				IPHONEOS_DEPLOYMENT_TARGET = 13.1;
				MTL_ENABLE_DEBUG_INFO = NO;
				MTL_FAST_MATH = YES;
				SDKROOT = iphoneos;
				SWIFT_COMPILATION_MODE = wholemodule;
				SWIFT_OPTIMIZATION_LEVEL = "-O";
				VALIDATE_PRODUCT = YES;
			};
			name = Release;
		};
		1AD47A05237540AD00D50D84 /* Debug */ = {
			isa = XCBuildConfiguration;
			buildSettings = {
				ASSETCATALOG_COMPILER_APPICON_NAME = AppIcon;
				CODE_SIGN_STYLE = Automatic;
				INFOPLIST_FILE = "C0765373_F2019_MAD3115_Mid-Term-Test-P2Test/Info.plist";
				LD_RUNPATH_SEARCH_PATHS = (
					"$(inherited)",
					"@executable_path/Frameworks",
				);
				PRODUCT_BUNDLE_IDENTIFIER = "MADT.C0765373-F2019-MAD3115-Mid-Term-Test-P2Test";
				PRODUCT_NAME = "$(TARGET_NAME)";
				SWIFT_VERSION = 5.0;
				TARGETED_DEVICE_FAMILY = "1,2";
			};
			name = Debug;
		};
		1AD47A06237540AD00D50D84 /* Release */ = {
			isa = XCBuildConfiguration;
			buildSettings = {
				ASSETCATALOG_COMPILER_APPICON_NAME = AppIcon;
				CODE_SIGN_STYLE = Automatic;
				INFOPLIST_FILE = "C0765373_F2019_MAD3115_Mid-Term-Test-P2Test/Info.plist";
				LD_RUNPATH_SEARCH_PATHS = (
					"$(inherited)",
					"@executable_path/Frameworks",
				);
				PRODUCT_BUNDLE_IDENTIFIER = "MADT.C0765373-F2019-MAD3115-Mid-Term-Test-P2Test";
				PRODUCT_NAME = "$(TARGET_NAME)";
				SWIFT_VERSION = 5.0;
				TARGETED_DEVICE_FAMILY = "1,2";
			};
			name = Release;
		};
/* End XCBuildConfiguration section */

/* Begin XCConfigurationList section */
		1AD479EB237540AD00D50D84 /* Build configuration list for PBXProject "C0765373_F2019_MAD3115_Mid-Term-Test-P2Test" */ = {
			isa = XCConfigurationList;
			buildConfigurations = (
				1AD47A02237540AD00D50D84 /* Debug */,
				1AD47A03237540AD00D50D84 /* Release */,
			);
			defaultConfigurationIsVisible = 0;
			defaultConfigurationName = Release;
		};
		1AD47A04237540AD00D50D84 /* Build configuration list for PBXNativeTarget "C0765373_F2019_MAD3115_Mid-Term-Test-P2Test" */ = {
			isa = XCConfigurationList;
			buildConfigurations = (
				1AD47A05237540AD00D50D84 /* Debug */,
				1AD47A06237540AD00D50D84 /* Release */,
			);
			defaultConfigurationIsVisible = 0;
			defaultConfigurationName = Release;
		};
/* End XCConfigurationList section */
	};
	rootObject = 1AD479E8237540AD00D50D84 /* Project object */;
}
